
Microsoft Visual Studio Solution File, Format Version 12.00
# Visual Studio Version 17
VisualStudioVersion = 17.8.34408.163
MinimumVisualStudioVersion = 10.0.40219.1
Project("{FAE04EC0-301F-11D3-BF4B-00C04F79EFBC}") = "Midterm_420-DA3-AS_Part2", "Midterm_420-DA3-AS_Part2\Midterm_420-DA3-AS_Part2.csproj", "{359E5316-45F0-48E8-9B3A-CB234BC5F5D3}"
EndProject
Global
	GlobalSection(SolutionConfigurationPlatforms) = preSolution
		Debug|Any CPU = Debug|Any CPU
		Release|Any CPU = Release|Any CPU
	EndGlobalSection
	GlobalSection(ProjectConfigurationPlatforms) = postSolution
		{359E5316-45F0-48E8-9B3A-CB234BC5F5D3}.Debug|Any CPU.ActiveCfg = Debug|Any CPU
		{359E5316-45F0-48E8-9B3A-CB234BC5F5D3}.Debug|Any CPU.Build.0 = Debug|Any CPU
		{359E5316-45F0-48E8-9B3A-CB234BC5F5D3}.Release|Any CPU.ActiveCfg = Release|Any CPU
		{359E5316-45F0-48E8-9B3A-CB234BC5F5D3}.Release|Any CPU.Build.0 = Release|Any CPU
	EndGlobalSection
	GlobalSection(SolutionProperties) = preSolution
		HideSolutionNode = FALSE
	EndGlobalSection
	GlobalSection(ExtensibilityGlobals) = postSolution
		SolutionGuid = {105664D7-4E99-4794-93CB-B75E7092C4F5}
	EndGlobalSection
EndGlobal
